{
  "name": "terminal-website-theme",
  "version": "1.0.0",
  "lockfileVersion": 1,
  "requires": true,
  "dependencies": {
    "@types/jquery": {
      "version": "3.5.1",
      "resolved": "https://registry.npmjs.org/@types/jquery/-/jquery-3.5.1.tgz",
      "integrity": "sha512-Tyctjh56U7eX2b9udu3wG853ASYP0uagChJcQJXLUXEU6C/JiW5qt5dl8ao01VRj1i5pgXPAf8f1mq4+FDLRQg==",
      "requires": {
        "@types/sizzle": "*"
      }
    },
    "@types/sizzle": {
      "version": "2.3.2",
      "resolved": "https://registry.npmjs.org/@types/sizzle/-/sizzle-2.3.2.tgz",
      "integrity": "sha512-7EJYyKTL7tFR8+gDbB6Wwz/arpGa0Mywk1TJbNzKzHtzbwVmY4HR9WqS5VV7dsBUKQmPNr192jHr/VpBluj/hg=="
    },
    "clipboard": {
      "version": "2.0.6",
      "resolved": "https://registry.npmjs.org/clipboard/-/clipboard-2.0.6.tgz",
      "integrity": "sha512-g5zbiixBRk/wyKakSwCKd7vQXDjFnAMGHoEyBogG/bw9kTD9GvdAvaoRR1ALcEzt3pVKxZR0pViekPMIS0QyGg==",
      "optional": true,
      "requires": {
        "good-listener": "^1.2.2",
        "select": "^1.1.2",
        "tiny-emitter": "^2.0.0"
      }
    },
    "clone": {
      "version": "1.0.4",
      "resolved": "https://registry.npmjs.org/clone/-/clone-1.0.4.tgz",
      "integrity": "sha1-2jCcwmPfFZlMaIypAheco8fNfH4="
    },
    "css-vars-ponyfill": {
      "version": "2.3.2",
      "resolved": "https://registry.npmjs.org/css-vars-ponyfill/-/css-vars-ponyfill-2.3.2.tgz",
      "integrity": "sha512-XkZfj0ROhem0Zdv44+LF15COsYmxnqL7Wd/gvwuWAauYoALbt2x94b6dIKF9fB6SIyOMYEQngA82t9RnC6b/aw=="
    },
    "defaults": {
      "version": "1.0.3",
      "resolved": "https://registry.npmjs.org/defaults/-/defaults-1.0.3.tgz",
      "integrity": "sha1-xlYFHpgX2f8I7YgUd/P+QBnz730=",
      "requires": {
        "clone": "^1.0.2"
      }
    },
    "delegate": {
      "version": "3.2.0",
      "resolved": "https://registry.npmjs.org/delegate/-/delegate-3.2.0.tgz",
      "integrity": "sha512-IofjkYBZaZivn0V8nnsMJGBr4jVLxHDheKSW88PyxS5QC4Vo9ZbZVvhzlSxY87fVq3STR6r+4cGepyHkcWOQSw==",
      "optional": true
    },
    "good-listener": {
      "version": "1.2.2",
      "resolved": "https://registry.npmjs.org/good-listener/-/good-listener-1.2.2.tgz",
      "integrity": "sha1-1TswzfkxPf+33JoNR3CWqm0UXFA=",
      "optional": true,
      "requires": {
        "delegate": "^3.1.2"
      }
    },
    "jquery": {
      "version": "3.1.1",
      "resolved": "https://registry.npmjs.org/jquery/-/jquery-3.1.1.tgz",
      "integrity": "sha1-NHwcIcfgBBFeCk2jLOzgQfrTyKM="
    },
    "jquery.terminal": {
      "version": "2.17.6",
      "resolved": "https://registry.npmjs.org/jquery.terminal/-/jquery.terminal-2.17.6.tgz",
      "integrity": "sha512-NPAxHodxrs6hLXNW9VAfijYkBFtoL/pyzpDDu2vX2slUyLekkUD9JBM4V0NcAuOvhB2eW4hLFChoYD5B2uu9Sg==",
      "requires": {
        "@types/jquery": "^3.3.29",
        "jquery": "^3.5.0",
        "prismjs": "^1.19.0",
        "wcwidth": "^1.0.1"
      },
      "dependencies": {
        "jquery": {
          "version": "3.5.1",
          "resolved": "https://registry.npmjs.org/jquery/-/jquery-3.5.1.tgz",
          "integrity": "sha512-XwIBPqcMn57FxfT+Go5pzySnm4KWkT1Tv7gjrpT1srtf8Weynl6R273VJ5GjkRb51IzMp5nbaPjJXMWeju2MKg=="
        }
      }
    },
    "js-polyfills": {
      "version": "0.1.42",
      "resolved": "https://registry.npmjs.org/js-polyfills/-/js-polyfills-0.1.42.tgz",
      "integrity": "sha1-XUhJArNh489gH9I60PMLr8yT8Ug="
    },
    "prismjs": {
      "version": "1.21.0",
      "resolved": "https://registry.npmjs.org/prismjs/-/prismjs-1.21.0.tgz",
      "integrity": "sha512-uGdSIu1nk3kej2iZsLyDoJ7e9bnPzIgY0naW/HdknGj61zScaprVEVGHrPoXqI+M9sP0NDnTK2jpkvmldpuqDw==",
      "requires": {
        "clipboard": "^2.0.0"
      }
    },
    "select": {
      "version": "1.1.2",
      "resolved": "https://registry.npmjs.org/select/-/select-1.1.2.tgz",
      "integrity": "sha1-DnNQrN7ICxEIUoeG7B1EGNEbOW0=",
      "optional": true
    },
    "tiny-emitter": {
      "version": "2.1.0",
      "resolved": "https://registry.npmjs.org/tiny-emitter/-/tiny-emitter-2.1.0.tgz",
      "integrity": "sha512-NB6Dk1A9xgQPMoGqC5CVXn123gWyte215ONT5Pp5a0yt4nlEoO1ZWeCwpncaekPHXO60i47ihFnZPiRPjRMq4Q==",
      "optional": true
    },
    "treeify": {
      "version": "1.1.0",
      "resolved": "https://registry.npmjs.org/treeify/-/treeify-1.1.0.tgz",
      "integrity": "sha512-1m4RA7xVAJrSGrrXGs0L3YTwyvBs2S8PbRHaLZAkFw7JR8oIFwYtysxlBZhYIa7xSyiYJKZ3iGrrk55cGA3i9A=="
    },
    "wcwidth": {
      "version": "1.0.1",
      "resolved": "https://registry.npmjs.org/wcwidth/-/wcwidth-1.0.1.tgz",
      "integrity": "sha1-8LDc+RW8X/FSivrbLA4XtTLaL+g=",
      "requires": {
        "defaults": "^1.0.3"
      }
    }
  }
}
